// !$*UTF8*$!
{
	archiveVersion = 1;
	classes = {
	};
	objectVersion = 46;
	objects = {

/* Begin PBXBuildFile section */
		D4CE4C8C1BFF498200C53B33 /* main.m in Sources */ = {isa = PBXBuildFile; fileRef = D4CE4C8B1BFF498200C53B33 /* main.m */; };
		D4CE4C8F1BFF498200C53B33 /* AppDelegate.m in Sources */ = {isa = PBXBuildFile; fileRef = D4CE4C8E1BFF498200C53B33 /* AppDelegate.m */; };
		D4CE4C921BFF498200C53B33 /* ViewController.m in Sources */ = {isa = PBXBuildFile; fileRef = D4CE4C911BFF498200C53B33 /* ViewController.m */; };
		D4CE4C951BFF498200C53B33 /* Main.storyboard in Resources */ = {isa = PBXBuildFile; fileRef = D4CE4C931BFF498200C53B33 /* Main.storyboard */; };
		D4CE4C971BFF498200C53B33 /* Assets.xcassets in Resources */ = {isa = PBXBuildFile; fileRef = D4CE4C961BFF498200C53B33 /* Assets.xcassets */; };
		D4CE4C9A1BFF498200C53B33 /* LaunchScreen.storyboard in Resources */ = {isa = PBXBuildFile; fileRef = D4CE4C981BFF498200C53B33 /* LaunchScreen.storyboard */; };
/* End PBXBuildFile section */

/* Begin PBXFileReference section */
		D4CE4C871BFF498200C53B33 /* TableViewScrollTestDemo.app */ = {isa = PBXFileReference; explicitFileType = wrapper.application; includeInIndex = 0; path = TableViewScrollTestDemo.app; sourceTree = BUILT_PRODUCTS_DIR; };
		D4CE4C8B1BFF498200C53B33 /* main.m */ = {isa = PBXFileReference; lastKnownFileType = sourcecode.c.objc; path = main.m; sourceTree = "<group>"; };
		D4CE4C8D1BFF498200C53B33 /* AppDelegate.h */ = {isa = PBXFileReference; lastKnownFileType = sourcecode.c.h; path = AppDelegate.h; sourceTree = "<group>"; };
		D4CE4C8E1BFF498200C53B33 /* AppDelegate.m */ = {isa = PBXFileReference; lastKnownFileType = sourcecode.c.objc; path = AppDelegate.m; sourceTree = "<group>"; };
		D4CE4C901BFF498200C53B33 /* ViewController.h */ = {isa = PBXFileReference; lastKnownFileType = sourcecode.c.h; path = ViewController.h; sourceTree = "<group>"; };
		D4CE4C911BFF498200C53B33 /* ViewController.m */ = {isa = PBXFileReference; lastKnownFileType = sourcecode.c.objc; path = ViewController.m; sourceTree = "<group>"; };
		D4CE4C941BFF498200C53B33 /* Base */ = {isa = PBXFileReference; lastKnownFileType = file.storyboard; name = Base; path = Base.lproj/Main.storyboard; sourceTree = "<group>"; };
		D4CE4C961BFF498200C53B33 /* Assets.xcassets */ = {isa = PBXFileReference; lastKnownFileType = folder.assetcatalog; path = Assets.xcassets; sourceTree = "<group>"; };
		D4CE4C991BFF498200C53B33 /* Base */ = {isa = PBXFileReference; lastKnownFileType = file.storyboard; name = Base; path = Base.lproj/LaunchScreen.storyboard; sourceTree = "<group>"; };
		D4CE4C9B1BFF498200C53B33 /* Info.plist */ = {isa = PBXFileReference; lastKnownFileType = text.plist.xml; path = Info.plist; sourceTree = "<group>"; };
/* End PBXFileReference section */

/* Begin PBXFrameworksBuildPhase section */
		D4CE4C841BFF498200C53B33 /* Frameworks */ = {
			isa = PBXFrameworksBuildPhase;
			buildActionMask = 2147483647;
			files = (
			);
			runOnlyForDeploymentPostprocessing = 0;
		};
/* End PBXFrameworksBuildPhase section */

/* Begin PBXGroup section */
		D4CE4C7E1BFF498200C53B33 = {
			isa = PBXGroup;
			children = (
				D4CE4C891BFF498200C53B33 /* TableViewScrollTestDemo */,
				D4CE4C881BFF498200C53B33 /* Products */,
			);
			sourceTree = "<group>";
		};
		D4CE4C881BFF498200C53B33 /* Products */ = {
			isa = PBXGroup;
			children = (
				D4CE4C871BFF498200C53B33 /* TableViewScrollTestDemo.app */,
			);
			name = Products;
			sourceTree = "<group>";
		};
		D4CE4C891BFF498200C53B33 /* TableViewScrollTestDemo */ = {
			isa = PBXGroup;
			children = (
				D4CE4C8D1BFF498200C53B33 /* AppDelegate.h */,
				D4CE4C8E1BFF498200C53B33 /* AppDelegate.m */,
				D4CE4C901BFF498200C53B33 /* ViewController.h */,
				D4CE4C911BFF498200C53B33 /* ViewController.m */,
				D4CE4C931BFF498200C53B33 /* Main.storyboard */,
				D4CE4C961BFF498200C53B33 /* Assets.xcassets */,
				D4CE4C981BFF498200C53B33 /* LaunchScreen.storyboard */,
				D4CE4C9B1BFF498200C53B33 /* Info.plist */,
				D4CE4C8A1BFF498200C53B33 /* Supporting Files */,
			);
			path = TableViewScrollTestDemo;
			sourceTree = "<group>";
		};
		D4CE4C8A1BFF498200C53B33 /* Supporting Files */ = {
			isa = PBXGroup;
			children = (
				D4CE4C8B1BFF498200C53B33 /* main.m */,
			);
			name = "Supporting Files";
			sourceTree = "<group>";
		};
/* End PBXGroup section */

/* Begin PBXNativeTarget section */
		D4CE4C861BFF498200C53B33 /* TableViewScrollTestDemo */ = {
			isa = PBXNativeTarget;
			buildConfigurationList = D4CE4C9E1BFF498200C53B33 /* Build configuration list for PBXNativeTarget "TableViewScrollTestDemo" */;
			buildPhases = (
				D4CE4C831BFF498200C53B33 /* Sources */,
				D4CE4C841BFF498200C53B33 /* Frameworks */,
				D4CE4C851BFF498200C53B33 /* Resources */,
			);
			buildRules = (
			);
			dependencies = (
			);
			name = TableViewScrollTestDemo;
			productName = TableViewScrollTestDemo;
			productReference = D4CE4C871BFF498200C53B33 /* TableViewScrollTestDemo.app */;
			productType = "com.apple.product-type.application";
		};
/* End PBXNativeTarget section */

/* Begin PBXProject section */
		D4CE4C7F1BFF498200C53B33 /* Project object */ = {
			isa = PBXProject;
			attributes = {
				LastUpgradeCheck = 0710;
				ORGANIZATIONNAME = "刘光军";
				TargetAttributes = {
					D4CE4C861BFF498200C53B33 = {
						CreatedOnToolsVersion = 7.1.1;
					};
				};
			};
			buildConfigurationList = D4CE4C821BFF498200C53B33 /* Build configuration list for PBXProject "TableViewScrollTestDemo" */;
			compatibilityVersion = "Xcode 3.2";
			developmentRegion = English;
			hasScannedForEncodings = 0;
			knownRegions = (
				en,
				Base,
			);
			mainGroup = D4CE4C7E1BFF498200C53B33;
			productRefGroup = D4CE4C881BFF498200C53B33 /* Products */;
			projectDirPath = "";
			projectRoot = "";
			targets = (
				D4CE4C861BFF498200C53B33 /* TableViewScrollTestDemo */,
			);
		};
/* End PBXProject section */

/* Begin PBXResourcesBuildPhase section */
		D4CE4C851BFF498200C53B33 /* Resources */ = {
			isa = PBXResourcesBuildPhase;
			buildActionMask = 2147483647;
			files = (
				D4CE4C9A1BFF498200C53B33 /* LaunchScreen.storyboard in Resources */,
				D4CE4C971BFF498200C53B33 /* Assets.xcassets in Resources */,
				D4CE4C951BFF498200C53B33 /* Main.storyboard in Resources */,
			);
			runOnlyForDeploymentPostprocessing = 0;
		};
/* End PBXResourcesBuildPhase section */

/* Begin PBXSourcesBuildPhase section */
		D4CE4C831BFF498200C53B33 /* Sources */ = {
			isa = PBXSourcesBuildPhase;
			buildActionMask = 2147483647;
			files = (
				D4CE4C921BFF498200C53B33 /* ViewController.m in Sources */,
				D4CE4C8F1BFF498200C53B33 /* AppDelegate.m in Sources */,
				D4CE4C8C1BFF498200C53B33 /* main.m in Sources */,
			);
			runOnlyForDeploymentPostprocessing = 0;
		};
/* End PBXSourcesBuildPhase section */

/* Begin PBXVariantGroup section */
		D4CE4C931BFF498200C53B33 /* Main.storyboard */ = {
			isa = PBXVariantGroup;
			children = (
				D4CE4C941BFF498200C53B33 /* Base */,
			);
			name = Main.storyboard;
			sourceTree = "<group>";
		};
		D4CE4C981BFF498200C53B33 /* LaunchScreen.storyboard */ = {
			isa = PBXVariantGroup;
			children = (
				D4CE4C991BFF498200C53B33 /* Base */,
			);
			name = LaunchScreen.storyboard;
			sourceTree = "<group>";
		};
/* End PBXVariantGroup section */

/* Begin XCBuildConfiguration section */
		D4CE4C9C1BFF498200C53B33 /* Debug */ = {
			isa = XCBuildConfiguration;
			buildSettings = {
				ALWAYS_SEARCH_USER_PATHS = NO;
				CLANG_CXX_LANGUAGE_STANDARD = "gnu++0x";
				CLANG_CXX_LIBRARY = "libc++";
				CLANG_ENABLE_MODULES = YES;
				CLANG_ENABLE_OBJC_ARC = YES;
				CLANG_WARN_BOOL_CONVERSION = YES;
				CLANG_WARN_CONSTANT_CONVERSION = YES;
				CLANG_WARN_DIRECT_OBJC_ISA_USAGE = YES_ERROR;
				CLANG_WARN_EMPTY_BODY = YES;
				CLANG_WARN_ENUM_CONVERSION = YES;
				CLANG_WARN_INT_CONVERSION = YES;
				CLANG_WARN_OBJC_ROOT_CLASS = YES_ERROR;
				CLANG_WARN_UNREACHABLE_CODE = YES;
				CLANG_WARN__DUPLICATE_METHOD_MATCH = YES;
				"CODE_SIGN_IDENTITY[sdk=iphoneos*]" = "iPhone Developer";
				COPY_PHASE_STRIP = NO;
				DEBUG_INFORMATION_FORMAT = dwarf;
				ENABLE_STRICT_OBJC_MSGSEND = YES;
				ENABLE_TESTABILITY = YES;
				GCC_C_LANGUAGE_STANDARD = gnu99;
				GCC_DYNAMIC_NO_PIC = NO;
				GCC_NO_COMMON_BLOCKS = YES;
				GCC_OPTIMIZATION_LEVEL = 0;
				GCC_PREPROCESSOR_DEFINITIONS = (
					"DEBUG=1",
					"$(inherited)",
				);
				GCC_WARN_64_TO_32_BIT_CONVERSION = YES;
				GCC_WARN_ABOUT_RETURN_TYPE = YES_ERROR;
				GCC_WARN_UNDECLARED_SELECTOR = YES;
				GCC_WARN_UNINITIALIZED_AUTOS = YES_AGGRESSIVE;
				GCC_WARN_UNUSED_FUNCTION = YES;
				GCC_WARN_UNUSED_VARIABLE = YES;
				IPHONEOS_DEPLOYMENT_TARGET = 9.1;
				MTL_ENABLE_DEBUG_INFO = YES;
				ONLY_ACTIVE_ARCH = YES;
				SDKROOT = iphoneos;
			};
			name = Debug;
		};
		D4CE4C9D1BFF498200C53B33 /* Release */ = {
			isa = XCBuildConfiguration;
			buildSettings = {
				ALWAYS_SEARCH_USER_PATHS = NO;
				CLANG_CXX_LANGUAGE_STANDARD = "gnu++0x";
				CLANG_CXX_LIBRARY = "libc++";
				CLANG_ENABLE_MODULES = YES;
				CLANG_ENABLE_OBJC_ARC = YES;
				CLANG_WARN_BOOL_CONVERSION = YES;
				CLANG_WARN_CONSTANT_CONVERSION = YES;
				CLANG_WARN_DIRECT_OBJC_ISA_USAGE = YES_ERROR;
				CLANG_WARN_EMPTY_BODY = YES;
				CLANG_WARN_ENUM_CONVERSION = YES;
				CLANG_WARN_INT_CONVERSION = YES;
				CLANG_WARN_OBJC_ROOT_CLASS = YES_ERROR;
				CLANG_WARN_UNREACHABLE_CODE = YES;
				CLANG_WARN__DUPLICATE_METHOD_MATCH = YES;
				"CODE_SIGN_IDENTITY[sdk=iphoneos*]" = "iPhone Developer";
				COPY_PHASE_STRIP = NO;
				DEBUG_INFORMATION_FORMAT = "dwarf-with-dsym";
				ENABLE_NS_ASSERTIONS = NO;
				ENABLE_STRICT_OBJC_MSGSEND = YES;
				GCC_C_LANGUAGE_STANDARD = gnu99;
				GCC_NO_COMMON_BLOCKS = YES;
				GCC_WARN_64_TO_32_BIT_CONVERSION = YES;
				GCC_WARN_ABOUT_RETURN_TYPE = YES_ERROR;
				GCC_WARN_UNDECLARED_SELECTOR = YES;
				GCC_WARN_UNINITIALIZED_AUTOS = YES_AGGRESSIVE;
				GCC_WARN_UNUSED_FUNCTION = YES;
				GCC_WARN_UNUSED_VARIABLE = YES;
				IPHONEOS_DEPLOYMENT_TARGET = 9.1;
				MTL_ENABLE_DEBUG_INFO = NO;
				SDKROOT = iphoneos;
				VALIDATE_PRODUCT = YES;
			};
			name = Release;
		};
		D4CE4C9F1BFF498200C53B33 /* Debug */ = {
			isa = XCBuildConfiguration;
			buildSettings = {
				ASSETCATALOG_COMPILER_APPICON_NAME = AppIcon;
				INFOPLIST_FILE = TableViewScrollTestDemo/Info.plist;
				LD_RUNPATH_SEARCH_PATHS = "$(inherited) @executable_path/Frameworks";
				PRODUCT_BUNDLE_IDENTIFIER = AceLiu.TableViewScrollTestDemo;
				PRODUCT_NAME = "$(TARGET_NAME)";
			};
			name = Debug;
		};
		D4CE4CA01BFF498200C53B33 /* Release */ = {
			isa = XCBuildConfiguration;
			buildSettings = {
				ASSETCATALOG_COMPILER_APPICON_NAME = AppIcon;
				INFOPLIST_FILE = TableViewScrollTestDemo/Info.plist;
				LD_RUNPATH_SEARCH_PATHS = "$(inherited) @executable_path/Frameworks";
				PRODUCT_BUNDLE_IDENTIFIER = AceLiu.TableViewScrollTestDemo;
				PRODUCT_NAME = "$(TARGET_NAME)";
			};
			name = Release;
		};
/* End XCBuildConfiguration section */

/* Begin XCConfigurationList section */
		D4CE4C821BFF498200C53B33 /* Build configuration list for PBXProject "TableViewScrollTestDemo" */ = {
			isa = XCConfigurationList;
			buildConfigurations = (
				D4CE4C9C1BFF498200C53B33 /* Debug */,
				D4CE4C9D1BFF498200C53B33 /* Release */,
			);
			defaultConfigurationIsVisible = 0;
			defaultConfigurationName = Release;
		};
		D4CE4C9E1BFF498200C53B33 /* Build configuration list for PBXNativeTarget "TableViewScrollTestDemo" */ = {
			isa = XCConfigurationList;
			buildConfigurations = (
				D4CE4C9F1BFF498200C53B33 /* Debug */,
				D4CE4CA01BFF498200C53B33 /* Release */,
			);
			defaultConfigurationIsVisible = 0;
		};
/* End XCConfigurationList section */
	};
	rootObject = D4CE4C7F1BFF498200C53B33 /* Project object */;
}
